
Microsoft Visual Studio Solution File, Format Version 12.00
# Visual Studio Version 17
VisualStudioVersion = 17.14.36310.24 d17.14
MinimumVisualStudioVersion = 10.0.40219.1
Project("{8BC9CEB8-8B4A-11D0-8D11-00A0C91BC942}") = "GameServer", "GameServer\GameServer.vcxproj", "{E965BB73-D4F9-477E-A3A5-0814553DF13C}"
EndProject
Project("{8BC9CEB8-8B4A-11D0-8D11-00A0C91BC942}") = "DummyClient", "DummyClient\DummyClient.vcxproj", "{FBD0D62C-30A7-498E-8B9A-242990846BAE}"
EndProject
Project("{8BC9CEB8-8B4A-11D0-8D11-00A0C91BC942}") = "ServerCore", "ServerCore\ServerCore.vcxproj", "{250CABE2-49F7-4B31-9726-F2E84C2DF203}"
EndProject
Global
	GlobalSection(SolutionConfigurationPlatforms) = preSolution
		Debug|x64 = Debug|x64
		Debug|x86 = Debug|x86
		Release|x64 = Release|x64
		Release|x86 = Release|x86
	EndGlobalSection
	GlobalSection(ProjectConfigurationPlatforms) = postSolution
		{E965BB73-D4F9-477E-A3A5-0814553DF13C}.Debug|x64.ActiveCfg = Debug|x64
		{E965BB73-D4F9-477E-A3A5-0814553DF13C}.Debug|x64.Build.0 = Debug|x64
		{E965BB73-D4F9-477E-A3A5-0814553DF13C}.Debug|x86.ActiveCfg = Debug|Win32
		{E965BB73-D4F9-477E-A3A5-0814553DF13C}.Debug|x86.Build.0 = Debug|Win32
		{E965BB73-D4F9-477E-A3A5-0814553DF13C}.Release|x64.ActiveCfg = Release|x64
		{E965BB73-D4F9-477E-A3A5-0814553DF13C}.Release|x64.Build.0 = Release|x64
		{E965BB73-D4F9-477E-A3A5-0814553DF13C}.Release|x86.ActiveCfg = Release|Win32
		{E965BB73-D4F9-477E-A3A5-0814553DF13C}.Release|x86.Build.0 = Release|Win32
		{FBD0D62C-30A7-498E-8B9A-242990846BAE}.Debug|x64.ActiveCfg = Debug|x64
		{FBD0D62C-30A7-498E-8B9A-242990846BAE}.Debug|x64.Build.0 = Debug|x64
		{FBD0D62C-30A7-498E-8B9A-242990846BAE}.Debug|x86.ActiveCfg = Debug|Win32
		{FBD0D62C-30A7-498E-8B9A-242990846BAE}.Debug|x86.Build.0 = Debug|Win32
		{FBD0D62C-30A7-498E-8B9A-242990846BAE}.Release|x64.ActiveCfg = Release|x64
		{FBD0D62C-30A7-498E-8B9A-242990846BAE}.Release|x64.Build.0 = Release|x64
		{FBD0D62C-30A7-498E-8B9A-242990846BAE}.Release|x86.ActiveCfg = Release|Win32
		{FBD0D62C-30A7-498E-8B9A-242990846BAE}.Release|x86.Build.0 = Release|Win32
		{250CABE2-49F7-4B31-9726-F2E84C2DF203}.Debug|x64.ActiveCfg = Debug|x64
		{250CABE2-49F7-4B31-9726-F2E84C2DF203}.Debug|x64.Build.0 = Debug|x64
		{250CABE2-49F7-4B31-9726-F2E84C2DF203}.Debug|x86.ActiveCfg = Debug|Win32
		{250CABE2-49F7-4B31-9726-F2E84C2DF203}.Debug|x86.Build.0 = Debug|Win32
		{250CABE2-49F7-4B31-9726-F2E84C2DF203}.Release|x64.ActiveCfg = Release|x64
		{250CABE2-49F7-4B31-9726-F2E84C2DF203}.Release|x64.Build.0 = Release|x64
		{250CABE2-49F7-4B31-9726-F2E84C2DF203}.Release|x86.ActiveCfg = Release|Win32
		{250CABE2-49F7-4B31-9726-F2E84C2DF203}.Release|x86.Build.0 = Release|Win32
	EndGlobalSection
	GlobalSection(SolutionProperties) = preSolution
		HideSolutionNode = FALSE
	EndGlobalSection
	GlobalSection(ExtensibilityGlobals) = postSolution
		SolutionGuid = {49C96537-3186-4168-817D-D1EE9A928062}
	EndGlobalSection
EndGlobal
